
Microsoft Visual Studio Solution File, Format Version 12.00
# Visual Studio Version 17
VisualStudioVersion = 17.5.33424.131
MinimumVisualStudioVersion = 10.0.40219.1
Project("{9A19103F-16F7-4668-BE54-9A1E7A4F7556}") = "web_api", "web_api\web_api.csproj", "{B533B7DB-B251-4489-B186-49A8BAA743C5}"
EndProject
Project("{FAE04EC0-301F-11D3-BF4B-00C04F79EFBC}") = "web_api.UnitTest", "web_api.UnitTest\web_api.UnitTest.csproj", "{B1F030EC-C45B-4179-A3D5-47D7D7DDF7ED}"
EndProject
Global
	GlobalSection(SolutionConfigurationPlatforms) = preSolution
		Debug|Any CPU = Debug|Any CPU
		Release|Any CPU = Release|Any CPU
	EndGlobalSection
	GlobalSection(ProjectConfigurationPlatforms) = postSolution
		{B533B7DB-B251-4489-B186-49A8BAA743C5}.Debug|Any CPU.ActiveCfg = Debug|Any CPU
		{B533B7DB-B251-4489-B186-49A8BAA743C5}.Debug|Any CPU.Build.0 = Debug|Any CPU
		{B533B7DB-B251-4489-B186-49A8BAA743C5}.Release|Any CPU.ActiveCfg = Release|Any CPU
		{B533B7DB-B251-4489-B186-49A8BAA743C5}.Release|Any CPU.Build.0 = Release|Any CPU
		{B1F030EC-C45B-4179-A3D5-47D7D7DDF7ED}.Debug|Any CPU.ActiveCfg = Debug|Any CPU
		{B1F030EC-C45B-4179-A3D5-47D7D7DDF7ED}.Debug|Any CPU.Build.0 = Debug|Any CPU
		{B1F030EC-C45B-4179-A3D5-47D7D7DDF7ED}.Release|Any CPU.ActiveCfg = Release|Any CPU
		{B1F030EC-C45B-4179-A3D5-47D7D7DDF7ED}.Release|Any CPU.Build.0 = Release|Any CPU
	EndGlobalSection
	GlobalSection(SolutionProperties) = preSolution
		HideSolutionNode = FALSE
	EndGlobalSection
	GlobalSection(ExtensibilityGlobals) = postSolution
		SolutionGuid = {7A5E0311-E09C-4C0B-A4F1-F996492E57D9}
	EndGlobalSection
EndGlobal
